PODS:
  - AparajitaCapacitorBiometricAuth (8.0.2):
    - Capacitor
  - Capacitor (7.0.1):
    - CapacitorCordova
  - CapacitorApp (7.0.0):
    - Capacitor
  - CapacitorBrowser (7.0.0):
    - Capacitor
  - CapacitorClipboard (7.0.0):
    - Capacitor
  - CapacitorCommunityPrivacyScreen (6.0.0):
    - Capacitor
  - CapacitorCommunitySqlite (7.0.0):
    - Capacitor
    - SQLCipher
    - ZIPFoundation
  - CapacitorCommunityTapJacking (7.0.0):
    - Capacitor
  - CapacitorCordova (7.0.1)
  - CapacitorDevice (7.0.0):
    - Capacitor
  - CapacitorFreerasp (1.10.0):
    - Capacitor
  - CapacitorKeyboard (7.0.0):
    - Capacitor
  - CapacitorMlkitBarcodeScanning (7.0.0):
    - Capacitor
    - GoogleMLKit/BarcodeScanning (= 7.0.0)
  - CapacitorNativeSettings (7.0.1):
    - Capacitor
  - CapacitorScreenOrientation (7.0.0):
    - Capacitor
  - CapacitorShare (7.0.0):
    - Capacitor
  - CapacitorSplashScreen (7.0.0):
    - Capacitor
  - CapacitorStatusBar (7.0.0):
    - Capacitor
  - EvvaCapacitorSecureStoragePlugin (3.1.0):
    - Capacitor
    - SimpleKeychain
  - GoogleDataTransport (10.1.0):
    - nanopb (~> 3.30910.0)
    - PromisesObjC (~> 2.4)
  - GoogleMLKit/BarcodeScanning (7.0.0):
    - GoogleMLKit/MLKitCore
    - MLKitBarcodeScanning (~> 6.0.0)
  - GoogleMLKit/MLKitCore (7.0.0):
    - MLKitCommon (~> 12.0.0)
  - GoogleToolboxForMac/Defines (4.2.1)
  - GoogleToolboxForMac/Logger (4.2.1):
    - GoogleToolboxForMac/Defines (= 4.2.1)
  - "GoogleToolboxForMac/NSData+zlib (4.2.1)":
    - GoogleToolboxForMac/Defines (= 4.2.1)
  - GoogleUtilities/Environment (8.0.2):
    - GoogleUtilities/Privacy
  - GoogleUtilities/Logger (8.0.2):
    - GoogleUtilities/Environment
    - GoogleUtilities/Privacy
  - GoogleUtilities/Privacy (8.0.2)
  - GoogleUtilities/UserDefaults (8.0.2):
    - GoogleUtilities/Logger
    - GoogleUtilities/Privacy
  - GTMSessionFetcher/Core (3.5.0)
  - JimcaseCapacitorExitApp (1.0.5):
    - Capacitor
  - MLImage (1.0.0-beta6)
  - MLKitBarcodeScanning (6.0.0):
    - MLKitCommon (~> 12.0)
    - MLKitVision (~> 8.0)
  - MLKitCommon (12.0.0):
    - GoogleDataTransport (~> 10.0)
    - GoogleToolboxForMac/Logger (< 5.0, >= 4.2.1)
    - "GoogleToolboxForMac/NSData+zlib (< 5.0, >= 4.2.1)"
    - GoogleUtilities/Logger (~> 8.0)
    - GoogleUtilities/UserDefaults (~> 8.0)
    - GTMSessionFetcher/Core (< 4.0, >= 3.3.2)
  - MLKitVision (8.0.0):
    - GoogleToolboxForMac/Logger (< 5.0, >= 4.2.1)
    - "GoogleToolboxForMac/NSData+zlib (< 5.0, >= 4.2.1)"
    - GTMSessionFetcher/Core (< 4.0, >= 3.3.2)
    - MLImage (= 1.0.0-beta6)
    - MLKitCommon (~> 12.0)
  - nanopb (3.30910.0):
    - nanopb/decode (= 3.30910.0)
    - nanopb/encode (= 3.30910.0)
  - nanopb/decode (3.30910.0)
  - nanopb/encode (3.30910.0)
  - PromisesObjC (2.4.0)
  - SimpleKeychain (1.2.0)
  - SQLCipher (4.6.1):
    - SQLCipher/standard (= 4.6.1)
  - SQLCipher/common (4.6.1)
  - SQLCipher/standard (4.6.1):
    - SQLCipher/common
  - ZIPFoundation (0.9.19)

DEPENDENCIES:
  - "AparajitaCapacitorBiometricAuth (from `../../node_modules/@aparajita/capacitor-biometric-auth`)"
  - "Capacitor (from `../../node_modules/@capacitor/ios`)"
  - "CapacitorApp (from `../../node_modules/@capacitor/app`)"
  - "CapacitorBrowser (from `../../node_modules/@capacitor/browser`)"
  - "CapacitorClipboard (from `../../node_modules/@capacitor/clipboard`)"
  - "CapacitorCommunityPrivacyScreen (from `../../node_modules/@capacitor-community/privacy-screen`)"
  - "CapacitorCommunitySqlite (from `../../node_modules/@capacitor-community/sqlite`)"
  - "CapacitorCommunityTapJacking (from `../../node_modules/@capacitor-community/tap-jacking`)"
  - "CapacitorCordova (from `../../node_modules/@capacitor/ios`)"
  - "CapacitorDevice (from `../../node_modules/@capacitor/device`)"
  - CapacitorFreerasp (from `../../node_modules/capacitor-freerasp`)
  - "CapacitorKeyboard (from `../../node_modules/@capacitor/keyboard`)"
  - "CapacitorMlkitBarcodeScanning (from `../../node_modules/@capacitor-mlkit/barcode-scanning`)"
  - CapacitorNativeSettings (from `../../node_modules/capacitor-native-settings`)
  - "CapacitorScreenOrientation (from `../../node_modules/@capacitor/screen-orientation`)"
  - "CapacitorShare (from `../../node_modules/@capacitor/share`)"
  - "CapacitorSplashScreen (from `../../node_modules/@capacitor/splash-screen`)"
  - "CapacitorStatusBar (from `../../node_modules/@capacitor/status-bar`)"
  - "EvvaCapacitorSecureStoragePlugin (from `../../node_modules/@evva/capacitor-secure-storage-plugin`)"
  - "JimcaseCapacitorExitApp (from `../../node_modules/@jimcase/capacitor-exit-app`)"

SPEC REPOS:
  trunk:
    - GoogleDataTransport
    - GoogleMLKit
    - GoogleToolboxForMac
    - GoogleUtilities
    - GTMSessionFetcher
    - MLImage
    - MLKitBarcodeScanning
    - MLKitCommon
    - MLKitVision
    - nanopb
    - PromisesObjC
    - SimpleKeychain
    - SQLCipher
    - ZIPFoundation

EXTERNAL SOURCES:
  AparajitaCapacitorBiometricAuth:
    :path: "../../node_modules/@aparajita/capacitor-biometric-auth"
  Capacitor:
    :path: "../../node_modules/@capacitor/ios"
  CapacitorApp:
    :path: "../../node_modules/@capacitor/app"
  CapacitorBrowser:
    :path: "../../node_modules/@capacitor/browser"
  CapacitorClipboard:
    :path: "../../node_modules/@capacitor/clipboard"
  CapacitorCommunityPrivacyScreen:
    :path: "../../node_modules/@capacitor-community/privacy-screen"
  CapacitorCommunitySqlite:
    :path: "../../node_modules/@capacitor-community/sqlite"
  CapacitorCommunityTapJacking:
    :path: "../../node_modules/@capacitor-community/tap-jacking"
  CapacitorCordova:
    :path: "../../node_modules/@capacitor/ios"
  CapacitorDevice:
    :path: "../../node_modules/@capacitor/device"
  CapacitorFreerasp:
    :path: "../../node_modules/capacitor-freerasp"
  CapacitorKeyboard:
    :path: "../../node_modules/@capacitor/keyboard"
  CapacitorMlkitBarcodeScanning:
    :path: "../../node_modules/@capacitor-mlkit/barcode-scanning"
  CapacitorNativeSettings:
    :path: "../../node_modules/capacitor-native-settings"
  CapacitorScreenOrientation:
    :path: "../../node_modules/@capacitor/screen-orientation"
  CapacitorShare:
    :path: "../../node_modules/@capacitor/share"
  CapacitorSplashScreen:
    :path: "../../node_modules/@capacitor/splash-screen"
  CapacitorStatusBar:
    :path: "../../node_modules/@capacitor/status-bar"
  EvvaCapacitorSecureStoragePlugin:
    :path: "../../node_modules/@evva/capacitor-secure-storage-plugin"
  JimcaseCapacitorExitApp:
    :path: "../../node_modules/@jimcase/capacitor-exit-app"

SPEC CHECKSUMS:
  AparajitaCapacitorBiometricAuth: c058563fe00160e12b022341e11b3181357ea93a
  Capacitor: de199cba6c8b20995428ad0b7cb0bc6ca625ffd4
  CapacitorApp: 9cb31064a6c6bb2b1438583733a7bf45557fc1da
  CapacitorBrowser: 55c21db47416dcc8fc3b623e18fd7d09acb26081
  CapacitorClipboard: 007d79cd6c104002b274546d13873526ca20beb7
  CapacitorCommunityPrivacyScreen: 682470c41cce325d7a85b95907887919d4694066
  CapacitorCommunitySqlite: b11e556cf5d149f9e0b6fbbb47959a6cd718c3d0
  CapacitorCommunityTapJacking: 96d1d28a7e2bd4c4d22eb0af0f1cd6eefa419a9f
  CapacitorCordova: 63d476958d5022d76f197031e8b7ea3519988c64
  CapacitorDevice: 069faf433b3a99c3d5f0e500fbe634f60a8c6a84
  CapacitorFreerasp: 4477326ed8cd7049ed556aa16aabf4fd400926d0
  CapacitorKeyboard: 4db71e694e7afb5d7c0be09b05495c19f7d6c914
  CapacitorMlkitBarcodeScanning: db64496b3e8f41be79e3ef81bfd1bb430adcb0ca
  CapacitorNativeSettings: bef37b3c7e2184da7416a3f162c71de19fd27593
  CapacitorScreenOrientation: 45e36e1121cdba1634eb12077c5e99391055116f
  CapacitorShare: d94c53d7656f1ce8f6712ae8d19ab0c18a69259f
  CapacitorSplashScreen: 7e7a0a1113833032f196b3af6fa437baccacf5bc
  CapacitorStatusBar: a8c4c83ed2e973bdafb979e80e4b00d027832cb7
  EvvaCapacitorSecureStoragePlugin: 43df44513abd5295a63f8e8813e9b5b7159dbfe0
  GoogleDataTransport: aae35b7ea0c09004c3797d53c8c41f66f219d6a7
  GoogleMLKit: eff9e23ec1d90ea4157a1ee2e32a4f610c5b3318
  GoogleToolboxForMac: d1a2cbf009c453f4d6ded37c105e2f67a32206d8
  GoogleUtilities: 26a3abef001b6533cf678d3eb38fd3f614b7872d
  GTMSessionFetcher: 5aea5ba6bd522a239e236100971f10cb71b96ab6
  JimcaseCapacitorExitApp: 54f1ea5c2395417c5c875309f1bec789741b49a0
  MLImage: 0ad1c5f50edd027672d8b26b0fee78a8b4a0fc56
  MLKitBarcodeScanning: 0a3064da0a7f49ac24ceb3cb46a5bc67496facd2
  MLKitCommon: 07c2c33ae5640e5380beaaa6e4b9c249a205542d
  MLKitVision: 45e79d68845a2de77e2dd4d7f07947f0ed157b0e
  nanopb: fad817b59e0457d11a5dfbde799381cd727c1275
  PromisesObjC: f5707f49cb48b9636751c5b2e7d227e43fba9f47
  SimpleKeychain: 768cf43ae778b1c21816e94dddf01bb8ee96a075
  SQLCipher: 77fbe633cd84db04b07876dd50766b4924b57d61
  ZIPFoundation: b8c29ea7ae353b309bc810586181fd073cb3312c

PODFILE CHECKSUM: ce9a8454f89a663bc1ae704031f150763e9d05a4

COCOAPODS: 1.16.2
